
Microsoft Visual Studio Solution File, Format Version 12.00
# Visual Studio 15
VisualStudioVersion = 15.0.27703.2042
MinimumVisualStudioVersion = 10.0.40219.1
Project("{FAE04EC0-301F-11D3-BF4B-00C04F79EFBC}") = "CSingleton_Lab3", "CSingleton_Lab3\CSingleton_Lab3.csproj", "{E353C0EC-1D1D-4D78-8D07-FC83E7446125}"
EndProject
Global
	GlobalSection(SolutionConfigurationPlatforms) = preSolution
		Debug|Any CPU = Debug|Any CPU
		Release|Any CPU = Release|Any CPU
	EndGlobalSection
	GlobalSection(ProjectConfigurationPlatforms) = postSolution
		{E353C0EC-1D1D-4D78-8D07-FC83E7446125}.Debug|Any CPU.ActiveCfg = Debug|Any CPU
		{E353C0EC-1D1D-4D78-8D07-FC83E7446125}.Debug|Any CPU.Build.0 = Debug|Any CPU
		{E353C0EC-1D1D-4D78-8D07-FC83E7446125}.Release|Any CPU.ActiveCfg = Release|Any CPU
		{E353C0EC-1D1D-4D78-8D07-FC83E7446125}.Release|Any CPU.Build.0 = Release|Any CPU
	EndGlobalSection
	GlobalSection(SolutionProperties) = preSolution
		HideSolutionNode = FALSE
	EndGlobalSection
	GlobalSection(ExtensibilityGlobals) = postSolution
		SolutionGuid = {EDD5CC48-9BAB-4DEE-9700-119597F87493}
	EndGlobalSection
EndGlobal
